// !$*UTF8*$!
{
	archiveVersion = 1;
	classes = {
	};
	objectVersion = 56;
	objects = {

/* Begin PBXBuildFile section */
		A1B2C3D4E5F6789012340004 /* DeadMallTycoonApp.swift in Sources */ = {isa = PBXBuildFile; fileRef = A1B2C3D4E5F6789012340003 /* DeadMallTycoonApp.swift */; };
		A1B2C3D4E5F6789012340007 /* Catalog.swift in Sources */ = {isa = PBXBuildFile; fileRef = A1B2C3D4E5F6789012340006 /* Catalog.swift */; };
		A1B2C3D4E5F6789012340009 /* Personalities.swift in Sources */ = {isa = PBXBuildFile; fileRef = A1B2C3D4E5F6789012340008 /* Personalities.swift */; };
		A1B2C3D4E5F678901234000B /* StartingMall.swift in Sources */ = {isa = PBXBuildFile; fileRef = A1B2C3D4E5F678901234000A /* StartingMall.swift */; };
		A1B2C3D4E5F678901234000E /* Core.swift in Sources */ = {isa = PBXBuildFile; fileRef = A1B2C3D4E5F678901234000D /* Core.swift */; };
		A1B2C3D4E5F6789012340010 /* Decoration.swift in Sources */ = {isa = PBXBuildFile; fileRef = A1B2C3D4E5F678901234000F /* Decoration.swift */; };
		A1B2C3D4E5F6789012340012 /* Events.swift in Sources */ = {isa = PBXBuildFile; fileRef = A1B2C3D4E5F6789012340011 /* Events.swift */; };
		A1B2C3D4E5F6789012340014 /* GameState.swift in Sources */ = {isa = PBXBuildFile; fileRef = A1B2C3D4E5F6789012340013 /* GameState.swift */; };
		A1B2C3D4E5F6789012340016 /* Operations.swift in Sources */ = {isa = PBXBuildFile; fileRef = A1B2C3D4E5F6789012340015 /* Operations.swift */; };
		A1B2C3D4E5F6789012340018 /* Store.swift in Sources */ = {isa = PBXBuildFile; fileRef = A1B2C3D4E5F6789012340017 /* Store.swift */; };
		A1B2C3D4E5F678901234001A /* Tenants.swift in Sources */ = {isa = PBXBuildFile; fileRef = A1B2C3D4E5F6789012340019 /* Tenants.swift */; };
		A1B2C3D4E5F678901234001C /* UI.swift in Sources */ = {isa = PBXBuildFile; fileRef = A1B2C3D4E5F678901234001B /* UI.swift */; };
		A1B2C3D4E5F678901234001E /* Visitor.swift in Sources */ = {isa = PBXBuildFile; fileRef = A1B2C3D4E5F678901234001D /* Visitor.swift */; };
		A1B2C3D4E5F6789012340021 /* DecorationNode.swift in Sources */ = {isa = PBXBuildFile; fileRef = A1B2C3D4E5F6789012340020 /* DecorationNode.swift */; };
		A1B2C3D4E5F6789012340023 /* MallScene.swift in Sources */ = {isa = PBXBuildFile; fileRef = A1B2C3D4E5F6789012340022 /* MallScene.swift */; };
		A1B2C3D4E5F6789012340025 /* Palette.swift in Sources */ = {isa = PBXBuildFile; fileRef = A1B2C3D4E5F6789012340024 /* Palette.swift */; };
		A1B2C3D4E5F6789012340027 /* StoreNode.swift in Sources */ = {isa = PBXBuildFile; fileRef = A1B2C3D4E5F6789012340026 /* StoreNode.swift */; };
		A1B2C3D4E5F6789012340029 /* TextureFactory.swift in Sources */ = {isa = PBXBuildFile; fileRef = A1B2C3D4E5F6789012340028 /* TextureFactory.swift */; };
		A1B2C3D4E5F678901234002B /* VisitorNode.swift in Sources */ = {isa = PBXBuildFile; fileRef = A1B2C3D4E5F678901234002A /* VisitorNode.swift */; };
		A1B2C3D4E5F678901234002E /* Actions.swift in Sources */ = {isa = PBXBuildFile; fileRef = A1B2C3D4E5F678901234002D /* Actions.swift */; };
		A1B2C3D4E5F6789012340030 /* Economy.swift in Sources */ = {isa = PBXBuildFile; fileRef = A1B2C3D4E5F678901234002F /* Economy.swift */; };
		A1B2C3D4E5F6789012340032 /* EventDeck.swift in Sources */ = {isa = PBXBuildFile; fileRef = A1B2C3D4E5F6789012340031 /* EventDeck.swift */; };
		A1B2C3D4E5F6789012340034 /* Mall.swift in Sources */ = {isa = PBXBuildFile; fileRef = A1B2C3D4E5F6789012340033 /* Mall.swift */; };
		A1B2C3D4E5F6789012340036 /* PersonalityPicker.swift in Sources */ = {isa = PBXBuildFile; fileRef = A1B2C3D4E5F6789012340035 /* PersonalityPicker.swift */; };
		A1B2C3D4E5F6789012340038 /* RNG.swift in Sources */ = {isa = PBXBuildFile; fileRef = A1B2C3D4E5F6789012340037 /* RNG.swift */; };
		A1B2C3D4E5F678901234003A /* Scoring.swift in Sources */ = {isa = PBXBuildFile; fileRef = A1B2C3D4E5F6789012340039 /* Scoring.swift */; };
		A1B2C3D4E5F678901234003C /* Threat.swift in Sources */ = {isa = PBXBuildFile; fileRef = A1B2C3D4E5F678901234003B /* Threat.swift */; };
		A1B2C3D4E5F678901234003E /* TickEngine.swift in Sources */ = {isa = PBXBuildFile; fileRef = A1B2C3D4E5F678901234003D /* TickEngine.swift */; };
		A1B2C3D4E5F6789012340040 /* VisitorFactory.swift in Sources */ = {isa = PBXBuildFile; fileRef = A1B2C3D4E5F678901234003F /* VisitorFactory.swift */; };
		A1B2C3D4E5F6789012340042 /* Warnings.swift in Sources */ = {isa = PBXBuildFile; fileRef = A1B2C3D4E5F6789012340041 /* Warnings.swift */; };
		A1B2C3D4E5F6789012340045 /* GameViewModel.swift in Sources */ = {isa = PBXBuildFile; fileRef = A1B2C3D4E5F6789012340044 /* GameViewModel.swift */; };
		A1B2C3D4E5F6789012340048 /* DecisionView.swift in Sources */ = {isa = PBXBuildFile; fileRef = A1B2C3D4E5F6789012340047 /* DecisionView.swift */; };
		A1B2C3D4E5F678901234004A /* HUDView.swift in Sources */ = {isa = PBXBuildFile; fileRef = A1B2C3D4E5F6789012340049 /* HUDView.swift */; };
		A1B2C3D4E5F678901234004C /* MallSceneView.swift in Sources */ = {isa = PBXBuildFile; fileRef = A1B2C3D4E5F678901234004B /* MallSceneView.swift */; };
		A1B2C3D4E5F678901234004E /* MallView.swift in Sources */ = {isa = PBXBuildFile; fileRef = A1B2C3D4E5F678901234004D /* MallView.swift */; };
		A1B2C3D4E5F6789012340050 /* OpsTabsView.swift in Sources */ = {isa = PBXBuildFile; fileRef = A1B2C3D4E5F678901234004F /* OpsTabsView.swift */; };
		A1B2C3D4E5F6789012340054 /* DeadMallTycoonTests.swift in Sources */ = {isa = PBXBuildFile; fileRef = A1B2C3D4E5F6789012340053 /* DeadMallTycoonTests.swift */; };
/* End PBXBuildFile section */

/* Begin PBXContainerItemProxy section */
		A1B2C3D4E5F6789012340062 /* PBXContainerItemProxy */ = {
			isa = PBXContainerItemProxy;
			containerPortal = A1B2C3D4E5F6789012340063 /* Project object */;
			proxyType = 1;
			remoteGlobalIDString = A1B2C3D4E5F6789012340057;
			remoteInfo = DeadMallTycoon;
		};
/* End PBXContainerItemProxy section */

/* Begin PBXFileReference section */
		A1B2C3D4E5F6789012340003 /* DeadMallTycoonApp.swift */ = {isa = PBXFileReference; lastKnownFileType = sourcecode.swift; path = DeadMallTycoonApp.swift; sourceTree = "<group>"; };
		A1B2C3D4E5F6789012340006 /* Catalog.swift */ = {isa = PBXFileReference; lastKnownFileType = sourcecode.swift; path = Catalog.swift; sourceTree = "<group>"; };
		A1B2C3D4E5F6789012340008 /* Personalities.swift */ = {isa = PBXFileReference; lastKnownFileType = sourcecode.swift; path = Personalities.swift; sourceTree = "<group>"; };
		A1B2C3D4E5F678901234000A /* StartingMall.swift */ = {isa = PBXFileReference; lastKnownFileType = sourcecode.swift; path = StartingMall.swift; sourceTree = "<group>"; };
		A1B2C3D4E5F678901234000D /* Core.swift */ = {isa = PBXFileReference; lastKnownFileType = sourcecode.swift; path = Core.swift; sourceTree = "<group>"; };
		A1B2C3D4E5F678901234000F /* Decoration.swift */ = {isa = PBXFileReference; lastKnownFileType = sourcecode.swift; path = Decoration.swift; sourceTree = "<group>"; };
		A1B2C3D4E5F6789012340011 /* Events.swift */ = {isa = PBXFileReference; lastKnownFileType = sourcecode.swift; path = Events.swift; sourceTree = "<group>"; };
		A1B2C3D4E5F6789012340013 /* GameState.swift */ = {isa = PBXFileReference; lastKnownFileType = sourcecode.swift; path = GameState.swift; sourceTree = "<group>"; };
		A1B2C3D4E5F6789012340015 /* Operations.swift */ = {isa = PBXFileReference; lastKnownFileType = sourcecode.swift; path = Operations.swift; sourceTree = "<group>"; };
		A1B2C3D4E5F6789012340017 /* Store.swift */ = {isa = PBXFileReference; lastKnownFileType = sourcecode.swift; path = Store.swift; sourceTree = "<group>"; };
		A1B2C3D4E5F6789012340019 /* Tenants.swift */ = {isa = PBXFileReference; lastKnownFileType = sourcecode.swift; path = Tenants.swift; sourceTree = "<group>"; };
		A1B2C3D4E5F678901234001B /* UI.swift */ = {isa = PBXFileReference; lastKnownFileType = sourcecode.swift; path = UI.swift; sourceTree = "<group>"; };
		A1B2C3D4E5F678901234001D /* Visitor.swift */ = {isa = PBXFileReference; lastKnownFileType = sourcecode.swift; path = Visitor.swift; sourceTree = "<group>"; };
		A1B2C3D4E5F6789012340020 /* DecorationNode.swift */ = {isa = PBXFileReference; lastKnownFileType = sourcecode.swift; path = DecorationNode.swift; sourceTree = "<group>"; };
		A1B2C3D4E5F6789012340022 /* MallScene.swift */ = {isa = PBXFileReference; lastKnownFileType = sourcecode.swift; path = MallScene.swift; sourceTree = "<group>"; };
		A1B2C3D4E5F6789012340024 /* Palette.swift */ = {isa = PBXFileReference; lastKnownFileType = sourcecode.swift; path = Palette.swift; sourceTree = "<group>"; };
		A1B2C3D4E5F6789012340026 /* StoreNode.swift */ = {isa = PBXFileReference; lastKnownFileType = sourcecode.swift; path = StoreNode.swift; sourceTree = "<group>"; };
		A1B2C3D4E5F6789012340028 /* TextureFactory.swift */ = {isa = PBXFileReference; lastKnownFileType = sourcecode.swift; path = TextureFactory.swift; sourceTree = "<group>"; };
		A1B2C3D4E5F678901234002A /* VisitorNode.swift */ = {isa = PBXFileReference; lastKnownFileType = sourcecode.swift; path = VisitorNode.swift; sourceTree = "<group>"; };
		A1B2C3D4E5F678901234002D /* Actions.swift */ = {isa = PBXFileReference; lastKnownFileType = sourcecode.swift; path = Actions.swift; sourceTree = "<group>"; };
		A1B2C3D4E5F678901234002F /* Economy.swift */ = {isa = PBXFileReference; lastKnownFileType = sourcecode.swift; path = Economy.swift; sourceTree = "<group>"; };
		A1B2C3D4E5F6789012340031 /* EventDeck.swift */ = {isa = PBXFileReference; lastKnownFileType = sourcecode.swift; path = EventDeck.swift; sourceTree = "<group>"; };
		A1B2C3D4E5F6789012340033 /* Mall.swift */ = {isa = PBXFileReference; lastKnownFileType = sourcecode.swift; path = Mall.swift; sourceTree = "<group>"; };
		A1B2C3D4E5F6789012340035 /* PersonalityPicker.swift */ = {isa = PBXFileReference; lastKnownFileType = sourcecode.swift; path = PersonalityPicker.swift; sourceTree = "<group>"; };
		A1B2C3D4E5F6789012340037 /* RNG.swift */ = {isa = PBXFileReference; lastKnownFileType = sourcecode.swift; path = RNG.swift; sourceTree = "<group>"; };
		A1B2C3D4E5F6789012340039 /* Scoring.swift */ = {isa = PBXFileReference; lastKnownFileType = sourcecode.swift; path = Scoring.swift; sourceTree = "<group>"; };
		A1B2C3D4E5F678901234003B /* Threat.swift */ = {isa = PBXFileReference; lastKnownFileType = sourcecode.swift; path = Threat.swift; sourceTree = "<group>"; };
		A1B2C3D4E5F678901234003D /* TickEngine.swift */ = {isa = PBXFileReference; lastKnownFileType = sourcecode.swift; path = TickEngine.swift; sourceTree = "<group>"; };
		A1B2C3D4E5F678901234003F /* VisitorFactory.swift */ = {isa = PBXFileReference; lastKnownFileType = sourcecode.swift; path = VisitorFactory.swift; sourceTree = "<group>"; };
		A1B2C3D4E5F6789012340041 /* Warnings.swift */ = {isa = PBXFileReference; lastKnownFileType = sourcecode.swift; path = Warnings.swift; sourceTree = "<group>"; };
		A1B2C3D4E5F6789012340044 /* GameViewModel.swift */ = {isa = PBXFileReference; lastKnownFileType = sourcecode.swift; path = GameViewModel.swift; sourceTree = "<group>"; };
		A1B2C3D4E5F6789012340047 /* DecisionView.swift */ = {isa = PBXFileReference; lastKnownFileType = sourcecode.swift; path = DecisionView.swift; sourceTree = "<group>"; };
		A1B2C3D4E5F6789012340049 /* HUDView.swift */ = {isa = PBXFileReference; lastKnownFileType = sourcecode.swift; path = HUDView.swift; sourceTree = "<group>"; };
		A1B2C3D4E5F678901234004B /* MallSceneView.swift */ = {isa = PBXFileReference; lastKnownFileType = sourcecode.swift; path = MallSceneView.swift; sourceTree = "<group>"; };
		A1B2C3D4E5F678901234004D /* MallView.swift */ = {isa = PBXFileReference; lastKnownFileType = sourcecode.swift; path = MallView.swift; sourceTree = "<group>"; };
		A1B2C3D4E5F678901234004F /* OpsTabsView.swift */ = {isa = PBXFileReference; lastKnownFileType = sourcecode.swift; path = OpsTabsView.swift; sourceTree = "<group>"; };
		A1B2C3D4E5F6789012340053 /* DeadMallTycoonTests.swift */ = {isa = PBXFileReference; lastKnownFileType = sourcecode.swift; path = DeadMallTycoonTests.swift; sourceTree = "<group>"; };
		A1B2C3D4E5F6789012340058 /* DeadMallTycoon.app */ = {isa = PBXFileReference; explicitFileType = wrapper.application; includeInIndex = 0; path = DeadMallTycoon.app; sourceTree = BUILT_PRODUCTS_DIR; };
		A1B2C3D4E5F678901234005D /* DeadMallTycoonTests.xctest */ = {isa = PBXFileReference; explicitFileType = wrapper.cfbundle.unit-test; includeInIndex = 0; path = DeadMallTycoonTests.xctest; sourceTree = BUILT_PRODUCTS_DIR; };
/* End PBXFileReference section */

/* Begin PBXFrameworksBuildPhase section */
		A1B2C3D4E5F678901234005A /* Frameworks */ = {
			isa = PBXFrameworksBuildPhase;
			buildActionMask = 2147483647;
			files = (
			);
			runOnlyForDeploymentPostprocessing = 0;
		};
		A1B2C3D4E5F678901234005F /* Frameworks */ = {
			isa = PBXFrameworksBuildPhase;
			buildActionMask = 2147483647;
			files = (
			);
			runOnlyForDeploymentPostprocessing = 0;
		};
/* End PBXFrameworksBuildPhase section */

/* Begin PBXGroup section */
		A1B2C3D4E5F6789012340055 = {
			isa = PBXGroup;
			children = (
				A1B2C3D4E5F6789012340001 /* Sources */,
				A1B2C3D4E5F6789012340051 /* Tests */,
				A1B2C3D4E5F6789012340056 /* Products */,
			);
			sourceTree = "<group>";
		};
		A1B2C3D4E5F6789012340056 /* Products */ = {
			isa = PBXGroup;
			children = (
				A1B2C3D4E5F6789012340058 /* DeadMallTycoon.app */,
				A1B2C3D4E5F678901234005D /* DeadMallTycoonTests.xctest */,
			);
			name = Products;
			sourceTree = "<group>";
		};
		A1B2C3D4E5F6789012340001 /* Sources */ = {
			isa = PBXGroup;
			children = (
				A1B2C3D4E5F6789012340002 /* App */,
				A1B2C3D4E5F6789012340005 /* Data */,
				A1B2C3D4E5F678901234000C /* Models */,
				A1B2C3D4E5F678901234001F /* Scenes */,
				A1B2C3D4E5F678901234002C /* Services */,
				A1B2C3D4E5F6789012340043 /* ViewModels */,
				A1B2C3D4E5F6789012340046 /* Views */,
			);
			path = Sources;
			sourceTree = "<group>";
		};
		A1B2C3D4E5F6789012340002 /* App */ = {
			isa = PBXGroup;
			children = (
				A1B2C3D4E5F6789012340003 /* DeadMallTycoonApp.swift */,
			);
			path = App;
			sourceTree = "<group>";
		};
		A1B2C3D4E5F6789012340005 /* Data */ = {
			isa = PBXGroup;
			children = (
				A1B2C3D4E5F6789012340006 /* Catalog.swift */,
				A1B2C3D4E5F6789012340008 /* Personalities.swift */,
				A1B2C3D4E5F678901234000A /* StartingMall.swift */,
			);
			path = Data;
			sourceTree = "<group>";
		};
		A1B2C3D4E5F678901234000C /* Models */ = {
			isa = PBXGroup;
			children = (
				A1B2C3D4E5F678901234000D /* Core.swift */,
				A1B2C3D4E5F678901234000F /* Decoration.swift */,
				A1B2C3D4E5F6789012340011 /* Events.swift */,
				A1B2C3D4E5F6789012340013 /* GameState.swift */,
				A1B2C3D4E5F6789012340015 /* Operations.swift */,
				A1B2C3D4E5F6789012340017 /* Store.swift */,
				A1B2C3D4E5F6789012340019 /* Tenants.swift */,
				A1B2C3D4E5F678901234001B /* UI.swift */,
				A1B2C3D4E5F678901234001D /* Visitor.swift */,
			);
			path = Models;
			sourceTree = "<group>";
		};
		A1B2C3D4E5F678901234001F /* Scenes */ = {
			isa = PBXGroup;
			children = (
				A1B2C3D4E5F6789012340020 /* DecorationNode.swift */,
				A1B2C3D4E5F6789012340022 /* MallScene.swift */,
				A1B2C3D4E5F6789012340024 /* Palette.swift */,
				A1B2C3D4E5F6789012340026 /* StoreNode.swift */,
				A1B2C3D4E5F6789012340028 /* TextureFactory.swift */,
				A1B2C3D4E5F678901234002A /* VisitorNode.swift */,
			);
			path = Scenes;
			sourceTree = "<group>";
		};
		A1B2C3D4E5F678901234002C /* Services */ = {
			isa = PBXGroup;
			children = (
				A1B2C3D4E5F678901234002D /* Actions.swift */,
				A1B2C3D4E5F678901234002F /* Economy.swift */,
				A1B2C3D4E5F6789012340031 /* EventDeck.swift */,
				A1B2C3D4E5F6789012340033 /* Mall.swift */,
				A1B2C3D4E5F6789012340035 /* PersonalityPicker.swift */,
				A1B2C3D4E5F6789012340037 /* RNG.swift */,
				A1B2C3D4E5F6789012340039 /* Scoring.swift */,
				A1B2C3D4E5F678901234003B /* Threat.swift */,
				A1B2C3D4E5F678901234003D /* TickEngine.swift */,
				A1B2C3D4E5F678901234003F /* VisitorFactory.swift */,
				A1B2C3D4E5F6789012340041 /* Warnings.swift */,
			);
			path = Services;
			sourceTree = "<group>";
		};
		A1B2C3D4E5F6789012340043 /* ViewModels */ = {
			isa = PBXGroup;
			children = (
				A1B2C3D4E5F6789012340044 /* GameViewModel.swift */,
			);
			path = ViewModels;
			sourceTree = "<group>";
		};
		A1B2C3D4E5F6789012340046 /* Views */ = {
			isa = PBXGroup;
			children = (
				A1B2C3D4E5F6789012340047 /* DecisionView.swift */,
				A1B2C3D4E5F6789012340049 /* HUDView.swift */,
				A1B2C3D4E5F678901234004B /* MallSceneView.swift */,
				A1B2C3D4E5F678901234004D /* MallView.swift */,
				A1B2C3D4E5F678901234004F /* OpsTabsView.swift */,
			);
			path = Views;
			sourceTree = "<group>";
		};
		A1B2C3D4E5F6789012340051 /* Tests */ = {
			isa = PBXGroup;
			children = (
				A1B2C3D4E5F6789012340052 /* DeadMallTycoonTests */,
			);
			path = Tests;
			sourceTree = "<group>";
		};
		A1B2C3D4E5F6789012340052 /* DeadMallTycoonTests */ = {
			isa = PBXGroup;
			children = (
				A1B2C3D4E5F6789012340053 /* DeadMallTycoonTests.swift */,
			);
			path = DeadMallTycoonTests;
			sourceTree = "<group>";
		};
/* End PBXGroup section */

/* Begin PBXNativeTarget section */
		A1B2C3D4E5F6789012340057 /* DeadMallTycoon */ = {
			isa = PBXNativeTarget;
			buildConfigurationList = A1B2C3D4E5F6789012340069 /* Build configuration list for PBXNativeTarget "DeadMallTycoon" */;
			buildPhases = (
				A1B2C3D4E5F6789012340059 /* Sources */,
				A1B2C3D4E5F678901234005A /* Frameworks */,
				A1B2C3D4E5F678901234005B /* Resources */,
			);
			buildRules = (
			);
			dependencies = (
			);
			name = DeadMallTycoon;
			productName = DeadMallTycoon;
			productReference = A1B2C3D4E5F6789012340058 /* DeadMallTycoon.app */;
			productType = "com.apple.product-type.application";
		};
		A1B2C3D4E5F678901234005C /* DeadMallTycoonTests */ = {
			isa = PBXNativeTarget;
			buildConfigurationList = A1B2C3D4E5F678901234006C /* Build configuration list for PBXNativeTarget "DeadMallTycoonTests" */;
			buildPhases = (
				A1B2C3D4E5F678901234005E /* Sources */,
				A1B2C3D4E5F678901234005F /* Frameworks */,
				A1B2C3D4E5F6789012340060 /* Resources */,
			);
			buildRules = (
			);
			dependencies = (
				A1B2C3D4E5F6789012340061 /* PBXTargetDependency */,
			);
			name = DeadMallTycoonTests;
			productName = DeadMallTycoonTests;
			productReference = A1B2C3D4E5F678901234005D /* DeadMallTycoonTests.xctest */;
			productType = "com.apple.product-type.bundle.unit-test";
		};
/* End PBXNativeTarget section */

/* Begin PBXProject section */
		A1B2C3D4E5F6789012340063 /* Project object */ = {
			isa = PBXProject;
			attributes = {
				BuildIndependentTargetsInParallel = YES;
				LastSwiftUpdateCheck = 1500;
				LastUpgradeCheck = 1500;
				TargetAttributes = {
					A1B2C3D4E5F6789012340057 = {
						CreatedOnToolsVersion = 15.0;
					};
					A1B2C3D4E5F678901234005C = {
						CreatedOnToolsVersion = 15.0;
						TestTargetID = A1B2C3D4E5F6789012340057;
					};
				};
			};
			buildConfigurationList = A1B2C3D4E5F6789012340066 /* Build configuration list for PBXProject "DeadMallTycoon" */;
			compatibilityVersion = "Xcode 14.0";
			developmentRegion = en;
			hasScannedForEncodings = 0;
			knownRegions = (
				en,
				Base,
			);
			mainGroup = A1B2C3D4E5F6789012340055;
			productRefGroup = A1B2C3D4E5F6789012340056 /* Products */;
			projectDirPath = "";
			projectRoot = "";
			targets = (
				A1B2C3D4E5F6789012340057 /* DeadMallTycoon */,
				A1B2C3D4E5F678901234005C /* DeadMallTycoonTests */,
			);
		};
/* End PBXProject section */

/* Begin PBXResourcesBuildPhase section */
		A1B2C3D4E5F678901234005B /* Resources */ = {
			isa = PBXResourcesBuildPhase;
			buildActionMask = 2147483647;
			files = (
			);
			runOnlyForDeploymentPostprocessing = 0;
		};
		A1B2C3D4E5F6789012340060 /* Resources */ = {
			isa = PBXResourcesBuildPhase;
			buildActionMask = 2147483647;
			files = (
			);
			runOnlyForDeploymentPostprocessing = 0;
		};
/* End PBXResourcesBuildPhase section */

/* Begin PBXSourcesBuildPhase section */
		A1B2C3D4E5F6789012340059 /* Sources */ = {
			isa = PBXSourcesBuildPhase;
			buildActionMask = 2147483647;
			files = (
				A1B2C3D4E5F6789012340004 /* DeadMallTycoonApp.swift in Sources */,
				A1B2C3D4E5F6789012340007 /* Catalog.swift in Sources */,
				A1B2C3D4E5F6789012340009 /* Personalities.swift in Sources */,
				A1B2C3D4E5F678901234000B /* StartingMall.swift in Sources */,
				A1B2C3D4E5F678901234000E /* Core.swift in Sources */,
				A1B2C3D4E5F6789012340010 /* Decoration.swift in Sources */,
				A1B2C3D4E5F6789012340012 /* Events.swift in Sources */,
				A1B2C3D4E5F6789012340014 /* GameState.swift in Sources */,
				A1B2C3D4E5F6789012340016 /* Operations.swift in Sources */,
				A1B2C3D4E5F6789012340018 /* Store.swift in Sources */,
				A1B2C3D4E5F678901234001A /* Tenants.swift in Sources */,
				A1B2C3D4E5F678901234001C /* UI.swift in Sources */,
				A1B2C3D4E5F678901234001E /* Visitor.swift in Sources */,
				A1B2C3D4E5F6789012340021 /* DecorationNode.swift in Sources */,
				A1B2C3D4E5F6789012340023 /* MallScene.swift in Sources */,
				A1B2C3D4E5F6789012340025 /* Palette.swift in Sources */,
				A1B2C3D4E5F6789012340027 /* StoreNode.swift in Sources */,
				A1B2C3D4E5F6789012340029 /* TextureFactory.swift in Sources */,
				A1B2C3D4E5F678901234002B /* VisitorNode.swift in Sources */,
				A1B2C3D4E5F678901234002E /* Actions.swift in Sources */,
				A1B2C3D4E5F6789012340030 /* Economy.swift in Sources */,
				A1B2C3D4E5F6789012340032 /* EventDeck.swift in Sources */,
				A1B2C3D4E5F6789012340034 /* Mall.swift in Sources */,
				A1B2C3D4E5F6789012340036 /* PersonalityPicker.swift in Sources */,
				A1B2C3D4E5F6789012340038 /* RNG.swift in Sources */,
				A1B2C3D4E5F678901234003A /* Scoring.swift in Sources */,
				A1B2C3D4E5F678901234003C /* Threat.swift in Sources */,
				A1B2C3D4E5F678901234003E /* TickEngine.swift in Sources */,
				A1B2C3D4E5F6789012340040 /* VisitorFactory.swift in Sources */,
				A1B2C3D4E5F6789012340042 /* Warnings.swift in Sources */,
				A1B2C3D4E5F6789012340045 /* GameViewModel.swift in Sources */,
				A1B2C3D4E5F6789012340048 /* DecisionView.swift in Sources */,
				A1B2C3D4E5F678901234004A /* HUDView.swift in Sources */,
				A1B2C3D4E5F678901234004C /* MallSceneView.swift in Sources */,
				A1B2C3D4E5F678901234004E /* MallView.swift in Sources */,
				A1B2C3D4E5F6789012340050 /* OpsTabsView.swift in Sources */,
			);
			runOnlyForDeploymentPostprocessing = 0;
		};
		A1B2C3D4E5F678901234005E /* Sources */ = {
			isa = PBXSourcesBuildPhase;
			buildActionMask = 2147483647;
			files = (
				A1B2C3D4E5F6789012340054 /* DeadMallTycoonTests.swift in Sources */,
			);
			runOnlyForDeploymentPostprocessing = 0;
		};
/* End PBXSourcesBuildPhase section */

/* Begin PBXTargetDependency section */
		A1B2C3D4E5F6789012340061 /* PBXTargetDependency */ = {
			isa = PBXTargetDependency;
			target = A1B2C3D4E5F6789012340057 /* DeadMallTycoon */;
			targetProxy = A1B2C3D4E5F6789012340062 /* PBXContainerItemProxy */;
		};
/* End PBXTargetDependency section */

/* Begin XCBuildConfiguration section */
		A1B2C3D4E5F6789012340064 /* Debug */ = {
			isa = XCBuildConfiguration;
			buildSettings = {
				ALWAYS_SEARCH_USER_PATHS = NO;
				CLANG_ANALYZER_NONNULL = YES;
				CLANG_ANALYZER_NUMBER_OBJECT_CONVERSION = YES_AGGRESSIVE;
				CLANG_CXX_LANGUAGE_STANDARD = "gnu++20";
				CLANG_ENABLE_MODULES = YES;
				CLANG_ENABLE_OBJC_ARC = YES;
				CLANG_ENABLE_OBJC_WEAK = YES;
				CLANG_WARN_BLOCK_CAPTURE_AUTORELEASING = YES;
				CLANG_WARN_BOOL_CONVERSION = YES;
				CLANG_WARN_COMMA = YES;
				CLANG_WARN_CONSTANT_CONVERSION = YES;
				CLANG_WARN_DEPRECATED_OBJC_IMPLEMENTATIONS = YES;
				CLANG_WARN_DIRECT_OBJC_ISA_USAGE = YES_ERROR;
				CLANG_WARN_DOCUMENTATION_COMMENTS = YES;
				CLANG_WARN_EMPTY_BODY = YES;
				CLANG_WARN_ENUM_CONVERSION = YES;
				CLANG_WARN_INFINITE_RECURSION = YES;
				CLANG_WARN_INT_CONVERSION = YES;
				CLANG_WARN_NON_LITERAL_NULL_CONVERSION = YES;
				CLANG_WARN_OBJC_IMPLICIT_RETAIN_SELF = YES;
				CLANG_WARN_OBJC_LITERAL_CONVERSION = YES;
				CLANG_WARN_OBJC_ROOT_CLASS = YES_ERROR;
				CLANG_WARN_QUOTED_INCLUDE_IN_FRAMEWORK_HEADER = YES;
				CLANG_WARN_RANGE_LOOP_ANALYSIS = YES;
				CLANG_WARN_STRICT_PROTOTYPES = YES;
				CLANG_WARN_SUSPICIOUS_MOVE = YES;
				CLANG_WARN_UNGUARDED_AVAILABILITY = YES_AGGRESSIVE;
				CLANG_WARN_UNREACHABLE_CODE = YES;
				CLANG_WARN__DUPLICATE_METHOD_MATCH = YES;
				COPY_PHASE_STRIP = NO;
				ENABLE_STRICT_OBJC_MSGSEND = YES;
				GCC_C_LANGUAGE_STANDARD = gnu17;
				GCC_NO_COMMON_BLOCKS = YES;
				GCC_WARN_64_TO_32_BIT_CONVERSION = YES;
				GCC_WARN_ABOUT_RETURN_TYPE = YES_ERROR;
				GCC_WARN_UNDECLARED_SELECTOR = YES;
				GCC_WARN_UNINITIALIZED_AUTOS = YES_AGGRESSIVE;
				GCC_WARN_UNUSED_FUNCTION = YES;
				GCC_WARN_UNUSED_VARIABLE = YES;
				IPHONEOS_DEPLOYMENT_TARGET = 17.0;
				MTL_FAST_MATH = YES;
				SDKROOT = iphoneos;
				SWIFT_VERSION = 5.0;
				DEBUG_INFORMATION_FORMAT = dwarf;
				ENABLE_TESTABILITY = YES;
				GCC_DYNAMIC_NO_PIC = NO;
				GCC_OPTIMIZATION_LEVEL = 0;
				GCC_PREPROCESSOR_DEFINITIONS = (
					"DEBUG=1",
					"$(inherited)",
				);
				MTL_ENABLE_DEBUG_INFO = INCLUDE_SOURCE;
				ONLY_ACTIVE_ARCH = YES;
				SWIFT_ACTIVE_COMPILATION_CONDITIONS = "DEBUG $(inherited)";
				SWIFT_OPTIMIZATION_LEVEL = "-Onone";
			};
			name = Debug;
		};
		A1B2C3D4E5F6789012340065 /* Release */ = {
			isa = XCBuildConfiguration;
			buildSettings = {
				ALWAYS_SEARCH_USER_PATHS = NO;
				CLANG_ANALYZER_NONNULL = YES;
				CLANG_ANALYZER_NUMBER_OBJECT_CONVERSION = YES_AGGRESSIVE;
				CLANG_CXX_LANGUAGE_STANDARD = "gnu++20";
				CLANG_ENABLE_MODULES = YES;
				CLANG_ENABLE_OBJC_ARC = YES;
				CLANG_ENABLE_OBJC_WEAK = YES;
				CLANG_WARN_BLOCK_CAPTURE_AUTORELEASING = YES;
				CLANG_WARN_BOOL_CONVERSION = YES;
				CLANG_WARN_COMMA = YES;
				CLANG_WARN_CONSTANT_CONVERSION = YES;
				CLANG_WARN_DEPRECATED_OBJC_IMPLEMENTATIONS = YES;
				CLANG_WARN_DIRECT_OBJC_ISA_USAGE = YES_ERROR;
				CLANG_WARN_DOCUMENTATION_COMMENTS = YES;
				CLANG_WARN_EMPTY_BODY = YES;
				CLANG_WARN_ENUM_CONVERSION = YES;
				CLANG_WARN_INFINITE_RECURSION = YES;
				CLANG_WARN_INT_CONVERSION = YES;
				CLANG_WARN_NON_LITERAL_NULL_CONVERSION = YES;
				CLANG_WARN_OBJC_IMPLICIT_RETAIN_SELF = YES;
				CLANG_WARN_OBJC_LITERAL_CONVERSION = YES;
				CLANG_WARN_OBJC_ROOT_CLASS = YES_ERROR;
				CLANG_WARN_QUOTED_INCLUDE_IN_FRAMEWORK_HEADER = YES;
				CLANG_WARN_RANGE_LOOP_ANALYSIS = YES;
				CLANG_WARN_STRICT_PROTOTYPES = YES;
				CLANG_WARN_SUSPICIOUS_MOVE = YES;
				CLANG_WARN_UNGUARDED_AVAILABILITY = YES_AGGRESSIVE;
				CLANG_WARN_UNREACHABLE_CODE = YES;
				CLANG_WARN__DUPLICATE_METHOD_MATCH = YES;
				COPY_PHASE_STRIP = NO;
				ENABLE_STRICT_OBJC_MSGSEND = YES;
				GCC_C_LANGUAGE_STANDARD = gnu17;
				GCC_NO_COMMON_BLOCKS = YES;
				GCC_WARN_64_TO_32_BIT_CONVERSION = YES;
				GCC_WARN_ABOUT_RETURN_TYPE = YES_ERROR;
				GCC_WARN_UNDECLARED_SELECTOR = YES;
				GCC_WARN_UNINITIALIZED_AUTOS = YES_AGGRESSIVE;
				GCC_WARN_UNUSED_FUNCTION = YES;
				GCC_WARN_UNUSED_VARIABLE = YES;
				IPHONEOS_DEPLOYMENT_TARGET = 17.0;
				MTL_FAST_MATH = YES;
				SDKROOT = iphoneos;
				SWIFT_VERSION = 5.0;
				DEBUG_INFORMATION_FORMAT = "dwarf-with-dsym";
				ENABLE_NS_ASSERTIONS = NO;
				MTL_ENABLE_DEBUG_INFO = NO;
				SWIFT_COMPILATION_MODE = wholemodule;
				VALIDATE_PRODUCT = YES;
			};
			name = Release;
		};
		A1B2C3D4E5F6789012340067 /* Debug */ = {
			isa = XCBuildConfiguration;
			buildSettings = {
				CODE_SIGN_STYLE = Automatic;
				CURRENT_PROJECT_VERSION = 1;
				DEVELOPMENT_TEAM = "";
				ENABLE_PREVIEWS = YES;
				GENERATE_INFOPLIST_FILE = YES;
				INFOPLIST_KEY_CFBundleDisplayName = "Dead Mall Tycoon";
				INFOPLIST_KEY_UIApplicationSceneManifest_Generation = YES;
				INFOPLIST_KEY_UIApplicationSupportsIndirectInputEvents = YES;
				INFOPLIST_KEY_UILaunchScreen_Generation = YES;
				INFOPLIST_KEY_UIRequiresFullScreen = YES;
				INFOPLIST_KEY_UISupportedInterfaceOrientations_iPad = "UIInterfaceOrientationLandscapeLeft UIInterfaceOrientationLandscapeRight";
				IPHONEOS_DEPLOYMENT_TARGET = 17.0;
				LD_RUNPATH_SEARCH_PATHS = (
					"$(inherited)",
					"@executable_path/Frameworks",
				);
				MARKETING_VERSION = 1.0;
				PRODUCT_BUNDLE_IDENTIFIER = com.rigtech.deadmalltycoon;
				PRODUCT_NAME = "$(TARGET_NAME)";
				SUPPORTED_PLATFORMS = "iphoneos iphonesimulator";
				SUPPORTS_MACCATALYST = NO;
				SUPPORTS_MAC_DESIGNED_FOR_IPHONE_IPAD = NO;
				SWIFT_EMIT_LOC_STRINGS = YES;
				SWIFT_VERSION = 5.0;
				TARGETED_DEVICE_FAMILY = 2;
			};
			name = Debug;
		};
		A1B2C3D4E5F6789012340068 /* Release */ = {
			isa = XCBuildConfiguration;
			buildSettings = {
				CODE_SIGN_STYLE = Automatic;
				CURRENT_PROJECT_VERSION = 1;
				DEVELOPMENT_TEAM = "";
				ENABLE_PREVIEWS = YES;
				GENERATE_INFOPLIST_FILE = YES;
				INFOPLIST_KEY_CFBundleDisplayName = "Dead Mall Tycoon";
				INFOPLIST_KEY_UIApplicationSceneManifest_Generation = YES;
				INFOPLIST_KEY_UIApplicationSupportsIndirectInputEvents = YES;
				INFOPLIST_KEY_UILaunchScreen_Generation = YES;
				INFOPLIST_KEY_UIRequiresFullScreen = YES;
				INFOPLIST_KEY_UISupportedInterfaceOrientations_iPad = "UIInterfaceOrientationLandscapeLeft UIInterfaceOrientationLandscapeRight";
				IPHONEOS_DEPLOYMENT_TARGET = 17.0;
				LD_RUNPATH_SEARCH_PATHS = (
					"$(inherited)",
					"@executable_path/Frameworks",
				);
				MARKETING_VERSION = 1.0;
				PRODUCT_BUNDLE_IDENTIFIER = com.rigtech.deadmalltycoon;
				PRODUCT_NAME = "$(TARGET_NAME)";
				SUPPORTED_PLATFORMS = "iphoneos iphonesimulator";
				SUPPORTS_MACCATALYST = NO;
				SUPPORTS_MAC_DESIGNED_FOR_IPHONE_IPAD = NO;
				SWIFT_EMIT_LOC_STRINGS = YES;
				SWIFT_VERSION = 5.0;
				TARGETED_DEVICE_FAMILY = 2;
			};
			name = Release;
		};
		A1B2C3D4E5F678901234006A /* Debug */ = {
			isa = XCBuildConfiguration;
			buildSettings = {
				BUNDLE_LOADER = "$(TEST_HOST)";
				CODE_SIGN_STYLE = Automatic;
				CURRENT_PROJECT_VERSION = 1;
				DEVELOPMENT_TEAM = "";
				GENERATE_INFOPLIST_FILE = YES;
				IPHONEOS_DEPLOYMENT_TARGET = 17.0;
				MARKETING_VERSION = 1.0;
				PRODUCT_BUNDLE_IDENTIFIER = com.rigtech.deadmalltycoon.tests;
				PRODUCT_NAME = "$(TARGET_NAME)";
				SWIFT_EMIT_LOC_STRINGS = NO;
				SWIFT_VERSION = 5.0;
				TARGETED_DEVICE_FAMILY = 2;
				TEST_HOST = "$(BUILT_PRODUCTS_DIR)/DeadMallTycoon.app/$(BUNDLE_EXECUTABLE_FOLDER_PATH)/DeadMallTycoon";
			};
			name = Debug;
		};
		A1B2C3D4E5F678901234006B /* Release */ = {
			isa = XCBuildConfiguration;
			buildSettings = {
				BUNDLE_LOADER = "$(TEST_HOST)";
				CODE_SIGN_STYLE = Automatic;
				CURRENT_PROJECT_VERSION = 1;
				DEVELOPMENT_TEAM = "";
				GENERATE_INFOPLIST_FILE = YES;
				IPHONEOS_DEPLOYMENT_TARGET = 17.0;
				MARKETING_VERSION = 1.0;
				PRODUCT_BUNDLE_IDENTIFIER = com.rigtech.deadmalltycoon.tests;
				PRODUCT_NAME = "$(TARGET_NAME)";
				SWIFT_EMIT_LOC_STRINGS = NO;
				SWIFT_VERSION = 5.0;
				TARGETED_DEVICE_FAMILY = 2;
				TEST_HOST = "$(BUILT_PRODUCTS_DIR)/DeadMallTycoon.app/$(BUNDLE_EXECUTABLE_FOLDER_PATH)/DeadMallTycoon";
			};
			name = Release;
		};
/* End XCBuildConfiguration section */

/* Begin XCConfigurationList section */
		A1B2C3D4E5F6789012340066 /* Build configuration list for PBXProject "DeadMallTycoon" */ = {
			isa = XCConfigurationList;
			buildConfigurations = (
				A1B2C3D4E5F6789012340064 /* Debug */,
				A1B2C3D4E5F6789012340065 /* Release */,
			);
			defaultConfigurationIsVisible = 0;
			defaultConfigurationName = Release;
		};
		A1B2C3D4E5F6789012340069 /* Build configuration list for PBXNativeTarget "DeadMallTycoon" */ = {
			isa = XCConfigurationList;
			buildConfigurations = (
				A1B2C3D4E5F6789012340067 /* Debug */,
				A1B2C3D4E5F6789012340068 /* Release */,
			);
			defaultConfigurationIsVisible = 0;
			defaultConfigurationName = Release;
		};
		A1B2C3D4E5F678901234006C /* Build configuration list for PBXNativeTarget "DeadMallTycoonTests" */ = {
			isa = XCConfigurationList;
			buildConfigurations = (
				A1B2C3D4E5F678901234006A /* Debug */,
				A1B2C3D4E5F678901234006B /* Release */,
			);
			defaultConfigurationIsVisible = 0;
			defaultConfigurationName = Release;
		};
/* End XCConfigurationList section */
	};
	rootObject = A1B2C3D4E5F6789012340063 /* Project object */;
}
