// !$*UTF8*$!
{
	archiveVersion = 1;
	classes = {
	};
	objectVersion = 56;
	objects = {

/* Begin PBXBuildFile section */
		000000000000000000100004 /* DeadMallTycoonApp.swift in Sources */ = {isa = PBXBuildFile; fileRef = 000000000000000000100003 /* DeadMallTycoonApp.swift */; };
		000000000000000000100007 /* Catalog.swift in Sources */ = {isa = PBXBuildFile; fileRef = 000000000000000000100006 /* Catalog.swift */; };
		000000000000000000100009 /* Personalities.swift in Sources */ = {isa = PBXBuildFile; fileRef = 000000000000000000100008 /* Personalities.swift */; };
		00000000000000000010000B /* StartingMall.swift in Sources */ = {isa = PBXBuildFile; fileRef = 00000000000000000010000A /* StartingMall.swift */; };
		00000000000000000010000E /* Core.swift in Sources */ = {isa = PBXBuildFile; fileRef = 00000000000000000010000D /* Core.swift */; };
		000000000000000000100010 /* Decoration.swift in Sources */ = {isa = PBXBuildFile; fileRef = 00000000000000000010000F /* Decoration.swift */; };
		000000000000000000100012 /* Events.swift in Sources */ = {isa = PBXBuildFile; fileRef = 000000000000000000100011 /* Events.swift */; };
		000000000000000000100014 /* GameState.swift in Sources */ = {isa = PBXBuildFile; fileRef = 000000000000000000100013 /* GameState.swift */; };
		000000000000000000100016 /* Operations.swift in Sources */ = {isa = PBXBuildFile; fileRef = 000000000000000000100015 /* Operations.swift */; };
		000000000000000000100018 /* Store.swift in Sources */ = {isa = PBXBuildFile; fileRef = 000000000000000000100017 /* Store.swift */; };
		00000000000000000010001A /* Tenants.swift in Sources */ = {isa = PBXBuildFile; fileRef = 000000000000000000100019 /* Tenants.swift */; };
		00000000000000000010001C /* UI.swift in Sources */ = {isa = PBXBuildFile; fileRef = 00000000000000000010001B /* UI.swift */; };
		00000000000000000010001E /* Visitor.swift in Sources */ = {isa = PBXBuildFile; fileRef = 00000000000000000010001D /* Visitor.swift */; };
		000000000000000000100021 /* DecorationNode.swift in Sources */ = {isa = PBXBuildFile; fileRef = 000000000000000000100020 /* DecorationNode.swift */; };
		000000000000000000100023 /* MallScene.swift in Sources */ = {isa = PBXBuildFile; fileRef = 000000000000000000100022 /* MallScene.swift */; };
		000000000000000000100025 /* Palette.swift in Sources */ = {isa = PBXBuildFile; fileRef = 000000000000000000100024 /* Palette.swift */; };
		000000000000000000100027 /* StoreNode.swift in Sources */ = {isa = PBXBuildFile; fileRef = 000000000000000000100026 /* StoreNode.swift */; };
		000000000000000000100029 /* TextureFactory.swift in Sources */ = {isa = PBXBuildFile; fileRef = 000000000000000000100028 /* TextureFactory.swift */; };
		00000000000000000010002B /* VisitorNode.swift in Sources */ = {isa = PBXBuildFile; fileRef = 00000000000000000010002A /* VisitorNode.swift */; };
		00000000000000000010002E /* Actions.swift in Sources */ = {isa = PBXBuildFile; fileRef = 00000000000000000010002D /* Actions.swift */; };
		000000000000000000100030 /* Economy.swift in Sources */ = {isa = PBXBuildFile; fileRef = 00000000000000000010002F /* Economy.swift */; };
		000000000000000000100032 /* EventDeck.swift in Sources */ = {isa = PBXBuildFile; fileRef = 000000000000000000100031 /* EventDeck.swift */; };
		000000000000000000100034 /* Mall.swift in Sources */ = {isa = PBXBuildFile; fileRef = 000000000000000000100033 /* Mall.swift */; };
		000000000000000000100036 /* PersonalityPicker.swift in Sources */ = {isa = PBXBuildFile; fileRef = 000000000000000000100035 /* PersonalityPicker.swift */; };
		000000000000000000100038 /* RNG.swift in Sources */ = {isa = PBXBuildFile; fileRef = 000000000000000000100037 /* RNG.swift */; };
		00000000000000000010003A /* Scoring.swift in Sources */ = {isa = PBXBuildFile; fileRef = 000000000000000000100039 /* Scoring.swift */; };
		00000000000000000010003C /* Threat.swift in Sources */ = {isa = PBXBuildFile; fileRef = 00000000000000000010003B /* Threat.swift */; };
		00000000000000000010003E /* TickEngine.swift in Sources */ = {isa = PBXBuildFile; fileRef = 00000000000000000010003D /* TickEngine.swift */; };
		000000000000000000100040 /* VisitorFactory.swift in Sources */ = {isa = PBXBuildFile; fileRef = 00000000000000000010003F /* VisitorFactory.swift */; };
		000000000000000000100042 /* Warnings.swift in Sources */ = {isa = PBXBuildFile; fileRef = 000000000000000000100041 /* Warnings.swift */; };
		000000000000000000100045 /* GameViewModel.swift in Sources */ = {isa = PBXBuildFile; fileRef = 000000000000000000100044 /* GameViewModel.swift */; };
		000000000000000000100048 /* DecisionView.swift in Sources */ = {isa = PBXBuildFile; fileRef = 000000000000000000100047 /* DecisionView.swift */; };
		00000000000000000010004A /* HUDView.swift in Sources */ = {isa = PBXBuildFile; fileRef = 000000000000000000100049 /* HUDView.swift */; };
		00000000000000000010004C /* MallSceneView.swift in Sources */ = {isa = PBXBuildFile; fileRef = 00000000000000000010004B /* MallSceneView.swift */; };
		00000000000000000010004E /* MallView.swift in Sources */ = {isa = PBXBuildFile; fileRef = 00000000000000000010004D /* MallView.swift */; };
		000000000000000000100050 /* OpsTabsView.swift in Sources */ = {isa = PBXBuildFile; fileRef = 00000000000000000010004F /* OpsTabsView.swift */; };
		000000000000000000100054 /* DeadMallTycoonTests.swift in Sources */ = {isa = PBXBuildFile; fileRef = 000000000000000000100053 /* DeadMallTycoonTests.swift */; };
/* End PBXBuildFile section */

/* Begin PBXContainerItemProxy section */
		000000000000000000100062 /* PBXContainerItemProxy */ = {
			isa = PBXContainerItemProxy;
			containerPortal = 000000000000000000100063 /* Project object */;
			proxyType = 1;
			remoteGlobalIDString = 000000000000000000100057;
			remoteInfo = DeadMallTycoon;
		};
/* End PBXContainerItemProxy section */

/* Begin PBXFileReference section */
		000000000000000000100003 /* DeadMallTycoonApp.swift */ = {isa = PBXFileReference; lastKnownFileType = sourcecode.swift; path = DeadMallTycoonApp.swift; sourceTree = "<group>"; };
		000000000000000000100006 /* Catalog.swift */ = {isa = PBXFileReference; lastKnownFileType = sourcecode.swift; path = Catalog.swift; sourceTree = "<group>"; };
		000000000000000000100008 /* Personalities.swift */ = {isa = PBXFileReference; lastKnownFileType = sourcecode.swift; path = Personalities.swift; sourceTree = "<group>"; };
		00000000000000000010000A /* StartingMall.swift */ = {isa = PBXFileReference; lastKnownFileType = sourcecode.swift; path = StartingMall.swift; sourceTree = "<group>"; };
		00000000000000000010000D /* Core.swift */ = {isa = PBXFileReference; lastKnownFileType = sourcecode.swift; path = Core.swift; sourceTree = "<group>"; };
		00000000000000000010000F /* Decoration.swift */ = {isa = PBXFileReference; lastKnownFileType = sourcecode.swift; path = Decoration.swift; sourceTree = "<group>"; };
		000000000000000000100011 /* Events.swift */ = {isa = PBXFileReference; lastKnownFileType = sourcecode.swift; path = Events.swift; sourceTree = "<group>"; };
		000000000000000000100013 /* GameState.swift */ = {isa = PBXFileReference; lastKnownFileType = sourcecode.swift; path = GameState.swift; sourceTree = "<group>"; };
		000000000000000000100015 /* Operations.swift */ = {isa = PBXFileReference; lastKnownFileType = sourcecode.swift; path = Operations.swift; sourceTree = "<group>"; };
		000000000000000000100017 /* Store.swift */ = {isa = PBXFileReference; lastKnownFileType = sourcecode.swift; path = Store.swift; sourceTree = "<group>"; };
		000000000000000000100019 /* Tenants.swift */ = {isa = PBXFileReference; lastKnownFileType = sourcecode.swift; path = Tenants.swift; sourceTree = "<group>"; };
		00000000000000000010001B /* UI.swift */ = {isa = PBXFileReference; lastKnownFileType = sourcecode.swift; path = UI.swift; sourceTree = "<group>"; };
		00000000000000000010001D /* Visitor.swift */ = {isa = PBXFileReference; lastKnownFileType = sourcecode.swift; path = Visitor.swift; sourceTree = "<group>"; };
		000000000000000000100020 /* DecorationNode.swift */ = {isa = PBXFileReference; lastKnownFileType = sourcecode.swift; path = DecorationNode.swift; sourceTree = "<group>"; };
		000000000000000000100022 /* MallScene.swift */ = {isa = PBXFileReference; lastKnownFileType = sourcecode.swift; path = MallScene.swift; sourceTree = "<group>"; };
		000000000000000000100024 /* Palette.swift */ = {isa = PBXFileReference; lastKnownFileType = sourcecode.swift; path = Palette.swift; sourceTree = "<group>"; };
		000000000000000000100026 /* StoreNode.swift */ = {isa = PBXFileReference; lastKnownFileType = sourcecode.swift; path = StoreNode.swift; sourceTree = "<group>"; };
		000000000000000000100028 /* TextureFactory.swift */ = {isa = PBXFileReference; lastKnownFileType = sourcecode.swift; path = TextureFactory.swift; sourceTree = "<group>"; };
		00000000000000000010002A /* VisitorNode.swift */ = {isa = PBXFileReference; lastKnownFileType = sourcecode.swift; path = VisitorNode.swift; sourceTree = "<group>"; };
		00000000000000000010002D /* Actions.swift */ = {isa = PBXFileReference; lastKnownFileType = sourcecode.swift; path = Actions.swift; sourceTree = "<group>"; };
		00000000000000000010002F /* Economy.swift */ = {isa = PBXFileReference; lastKnownFileType = sourcecode.swift; path = Economy.swift; sourceTree = "<group>"; };
		000000000000000000100031 /* EventDeck.swift */ = {isa = PBXFileReference; lastKnownFileType = sourcecode.swift; path = EventDeck.swift; sourceTree = "<group>"; };
		000000000000000000100033 /* Mall.swift */ = {isa = PBXFileReference; lastKnownFileType = sourcecode.swift; path = Mall.swift; sourceTree = "<group>"; };
		000000000000000000100035 /* PersonalityPicker.swift */ = {isa = PBXFileReference; lastKnownFileType = sourcecode.swift; path = PersonalityPicker.swift; sourceTree = "<group>"; };
		000000000000000000100037 /* RNG.swift */ = {isa = PBXFileReference; lastKnownFileType = sourcecode.swift; path = RNG.swift; sourceTree = "<group>"; };
		000000000000000000100039 /* Scoring.swift */ = {isa = PBXFileReference; lastKnownFileType = sourcecode.swift; path = Scoring.swift; sourceTree = "<group>"; };
		00000000000000000010003B /* Threat.swift */ = {isa = PBXFileReference; lastKnownFileType = sourcecode.swift; path = Threat.swift; sourceTree = "<group>"; };
		00000000000000000010003D /* TickEngine.swift */ = {isa = PBXFileReference; lastKnownFileType = sourcecode.swift; path = TickEngine.swift; sourceTree = "<group>"; };
		00000000000000000010003F /* VisitorFactory.swift */ = {isa = PBXFileReference; lastKnownFileType = sourcecode.swift; path = VisitorFactory.swift; sourceTree = "<group>"; };
		000000000000000000100041 /* Warnings.swift */ = {isa = PBXFileReference; lastKnownFileType = sourcecode.swift; path = Warnings.swift; sourceTree = "<group>"; };
		000000000000000000100044 /* GameViewModel.swift */ = {isa = PBXFileReference; lastKnownFileType = sourcecode.swift; path = GameViewModel.swift; sourceTree = "<group>"; };
		000000000000000000100047 /* DecisionView.swift */ = {isa = PBXFileReference; lastKnownFileType = sourcecode.swift; path = DecisionView.swift; sourceTree = "<group>"; };
		000000000000000000100049 /* HUDView.swift */ = {isa = PBXFileReference; lastKnownFileType = sourcecode.swift; path = HUDView.swift; sourceTree = "<group>"; };
		00000000000000000010004B /* MallSceneView.swift */ = {isa = PBXFileReference; lastKnownFileType = sourcecode.swift; path = MallSceneView.swift; sourceTree = "<group>"; };
		00000000000000000010004D /* MallView.swift */ = {isa = PBXFileReference; lastKnownFileType = sourcecode.swift; path = MallView.swift; sourceTree = "<group>"; };
		00000000000000000010004F /* OpsTabsView.swift */ = {isa = PBXFileReference; lastKnownFileType = sourcecode.swift; path = OpsTabsView.swift; sourceTree = "<group>"; };
		000000000000000000100053 /* DeadMallTycoonTests.swift */ = {isa = PBXFileReference; lastKnownFileType = sourcecode.swift; path = DeadMallTycoonTests.swift; sourceTree = "<group>"; };
		000000000000000000100058 /* DeadMallTycoon.app */ = {isa = PBXFileReference; explicitFileType = wrapper.application; includeInIndex = 0; path = DeadMallTycoon.app; sourceTree = BUILT_PRODUCTS_DIR; };
		00000000000000000010005D /* DeadMallTycoonTests.xctest */ = {isa = PBXFileReference; explicitFileType = wrapper.cfbundle; includeInIndex = 0; path = DeadMallTycoonTests.xctest; sourceTree = BUILT_PRODUCTS_DIR; };
/* End PBXFileReference section */

/* Begin PBXFrameworksBuildPhase section */
		00000000000000000010005A /* Frameworks */ = {
			isa = PBXFrameworksBuildPhase;
			buildActionMask = 2147483647;
			files = (
			);
			runOnlyForDeploymentPostprocessing = 0;
		};
		00000000000000000010005F /* Frameworks */ = {
			isa = PBXFrameworksBuildPhase;
			buildActionMask = 2147483647;
			files = (
			);
			runOnlyForDeploymentPostprocessing = 0;
		};
/* End PBXFrameworksBuildPhase section */

/* Begin PBXGroup section */
		000000000000000000100055 = {
			isa = PBXGroup;
			children = (
				000000000000000000100001 /* Sources */,
				000000000000000000100051 /* Tests */,
				000000000000000000100056 /* Products */,
			);
			sourceTree = "<group>";
		};
		000000000000000000100056 /* Products */ = {
			isa = PBXGroup;
			children = (
				000000000000000000100058 /* DeadMallTycoon.app */,
				00000000000000000010005D /* DeadMallTycoonTests.xctest */,
			);
			name = Products;
			sourceTree = "<group>";
		};
		000000000000000000100001 /* Sources */ = {
			isa = PBXGroup;
			children = (
				000000000000000000100002 /* App */,
				000000000000000000100005 /* Data */,
				00000000000000000010000C /* Models */,
				00000000000000000010001F /* Scenes */,
				00000000000000000010002C /* Services */,
				000000000000000000100043 /* ViewModels */,
				000000000000000000100046 /* Views */,
			);
			path = Sources;
			sourceTree = "<group>";
		};
		000000000000000000100002 /* App */ = {
			isa = PBXGroup;
			children = (
				000000000000000000100003 /* DeadMallTycoonApp.swift */,
			);
			path = App;
			sourceTree = "<group>";
		};
		000000000000000000100005 /* Data */ = {
			isa = PBXGroup;
			children = (
				000000000000000000100006 /* Catalog.swift */,
				000000000000000000100008 /* Personalities.swift */,
				00000000000000000010000A /* StartingMall.swift */,
			);
			path = Data;
			sourceTree = "<group>";
		};
		00000000000000000010000C /* Models */ = {
			isa = PBXGroup;
			children = (
				00000000000000000010000D /* Core.swift */,
				00000000000000000010000F /* Decoration.swift */,
				000000000000000000100011 /* Events.swift */,
				000000000000000000100013 /* GameState.swift */,
				000000000000000000100015 /* Operations.swift */,
				000000000000000000100017 /* Store.swift */,
				000000000000000000100019 /* Tenants.swift */,
				00000000000000000010001B /* UI.swift */,
				00000000000000000010001D /* Visitor.swift */,
			);
			path = Models;
			sourceTree = "<group>";
		};
		00000000000000000010001F /* Scenes */ = {
			isa = PBXGroup;
			children = (
				000000000000000000100020 /* DecorationNode.swift */,
				000000000000000000100022 /* MallScene.swift */,
				000000000000000000100024 /* Palette.swift */,
				000000000000000000100026 /* StoreNode.swift */,
				000000000000000000100028 /* TextureFactory.swift */,
				00000000000000000010002A /* VisitorNode.swift */,
			);
			path = Scenes;
			sourceTree = "<group>";
		};
		00000000000000000010002C /* Services */ = {
			isa = PBXGroup;
			children = (
				00000000000000000010002D /* Actions.swift */,
				00000000000000000010002F /* Economy.swift */,
				000000000000000000100031 /* EventDeck.swift */,
				000000000000000000100033 /* Mall.swift */,
				000000000000000000100035 /* PersonalityPicker.swift */,
				000000000000000000100037 /* RNG.swift */,
				000000000000000000100039 /* Scoring.swift */,
				00000000000000000010003B /* Threat.swift */,
				00000000000000000010003D /* TickEngine.swift */,
				00000000000000000010003F /* VisitorFactory.swift */,
				000000000000000000100041 /* Warnings.swift */,
			);
			path = Services;
			sourceTree = "<group>";
		};
		000000000000000000100043 /* ViewModels */ = {
			isa = PBXGroup;
			children = (
				000000000000000000100044 /* GameViewModel.swift */,
			);
			path = ViewModels;
			sourceTree = "<group>";
		};
		000000000000000000100046 /* Views */ = {
			isa = PBXGroup;
			children = (
				000000000000000000100047 /* DecisionView.swift */,
				000000000000000000100049 /* HUDView.swift */,
				00000000000000000010004B /* MallSceneView.swift */,
				00000000000000000010004D /* MallView.swift */,
				00000000000000000010004F /* OpsTabsView.swift */,
			);
			path = Views;
			sourceTree = "<group>";
		};
		000000000000000000100051 /* Tests */ = {
			isa = PBXGroup;
			children = (
				000000000000000000100052 /* DeadMallTycoonTests */,
			);
			path = Tests;
			sourceTree = "<group>";
		};
		000000000000000000100052 /* DeadMallTycoonTests */ = {
			isa = PBXGroup;
			children = (
				000000000000000000100053 /* DeadMallTycoonTests.swift */,
			);
			path = DeadMallTycoonTests;
			sourceTree = "<group>";
		};
/* End PBXGroup section */

/* Begin PBXNativeTarget section */
		000000000000000000100057 /* DeadMallTycoon */ = {
			isa = PBXNativeTarget;
			buildConfigurationList = 000000000000000000100069 /* Build configuration list for PBXNativeTarget "DeadMallTycoon" */;
			buildPhases = (
				000000000000000000100059 /* Sources */,
				00000000000000000010005A /* Frameworks */,
				00000000000000000010005B /* Resources */,
			);
			buildRules = (
			);
			dependencies = (
			);
			name = DeadMallTycoon;
			productName = DeadMallTycoon;
			productReference = 000000000000000000100058 /* DeadMallTycoon.app */;
			productType = "com.apple.product-type.application";
		};
		00000000000000000010005C /* DeadMallTycoonTests */ = {
			isa = PBXNativeTarget;
			buildConfigurationList = 00000000000000000010006C /* Build configuration list for PBXNativeTarget "DeadMallTycoonTests" */;
			buildPhases = (
				00000000000000000010005E /* Sources */,
				00000000000000000010005F /* Frameworks */,
				000000000000000000100060 /* Resources */,
			);
			buildRules = (
			);
			dependencies = (
				000000000000000000100061 /* PBXTargetDependency */,
			);
			name = DeadMallTycoonTests;
			productName = DeadMallTycoonTests;
			productReference = 00000000000000000010005D /* DeadMallTycoonTests.xctest */;
			productType = "com.apple.product-type.bundle.unit-test";
		};
/* End PBXNativeTarget section */

/* Begin PBXProject section */
		000000000000000000100063 /* Project object */ = {
			isa = PBXProject;
			attributes = {
				BuildIndependentTargetsInParallel = YES;
				LastSwiftUpdateCheck = 1530;
				LastUpgradeCheck = 1530;
				TargetAttributes = {
					000000000000000000100057 = {
						CreatedOnToolsVersion = 15.3;
					};
					00000000000000000010005C = {
						CreatedOnToolsVersion = 15.3;
						TestTargetID = 000000000000000000100057;
					};
				};
			};
			buildConfigurationList = 000000000000000000100066 /* Build configuration list for PBXProject "DeadMallTycoon" */;
			compatibilityVersion = "Xcode 14.0";
			developmentRegion = en;
			hasScannedForEncodings = 0;
			knownRegions = (
				en,
				Base,
			);
			mainGroup = 000000000000000000100055;
			productRefGroup = 000000000000000000100056 /* Products */;
			projectDirPath = "";
			projectRoot = "";
			targets = (
				000000000000000000100057 /* DeadMallTycoon */,
				00000000000000000010005C /* DeadMallTycoonTests */,
			);
		};
/* End PBXProject section */

/* Begin PBXResourcesBuildPhase section */
		00000000000000000010005B /* Resources */ = {
			isa = PBXResourcesBuildPhase;
			buildActionMask = 2147483647;
			files = (
			);
			runOnlyForDeploymentPostprocessing = 0;
		};
		000000000000000000100060 /* Resources */ = {
			isa = PBXResourcesBuildPhase;
			buildActionMask = 2147483647;
			files = (
			);
			runOnlyForDeploymentPostprocessing = 0;
		};
/* End PBXResourcesBuildPhase section */

/* Begin PBXSourcesBuildPhase section */
		000000000000000000100059 /* Sources */ = {
			isa = PBXSourcesBuildPhase;
			buildActionMask = 2147483647;
			files = (
				000000000000000000100004 /* DeadMallTycoonApp.swift in Sources */,
				000000000000000000100007 /* Catalog.swift in Sources */,
				000000000000000000100009 /* Personalities.swift in Sources */,
				00000000000000000010000B /* StartingMall.swift in Sources */,
				00000000000000000010000E /* Core.swift in Sources */,
				000000000000000000100010 /* Decoration.swift in Sources */,
				000000000000000000100012 /* Events.swift in Sources */,
				000000000000000000100014 /* GameState.swift in Sources */,
				000000000000000000100016 /* Operations.swift in Sources */,
				000000000000000000100018 /* Store.swift in Sources */,
				00000000000000000010001A /* Tenants.swift in Sources */,
				00000000000000000010001C /* UI.swift in Sources */,
				00000000000000000010001E /* Visitor.swift in Sources */,
				000000000000000000100021 /* DecorationNode.swift in Sources */,
				000000000000000000100023 /* MallScene.swift in Sources */,
				000000000000000000100025 /* Palette.swift in Sources */,
				000000000000000000100027 /* StoreNode.swift in Sources */,
				000000000000000000100029 /* TextureFactory.swift in Sources */,
				00000000000000000010002B /* VisitorNode.swift in Sources */,
				00000000000000000010002E /* Actions.swift in Sources */,
				000000000000000000100030 /* Economy.swift in Sources */,
				000000000000000000100032 /* EventDeck.swift in Sources */,
				000000000000000000100034 /* Mall.swift in Sources */,
				000000000000000000100036 /* PersonalityPicker.swift in Sources */,
				000000000000000000100038 /* RNG.swift in Sources */,
				00000000000000000010003A /* Scoring.swift in Sources */,
				00000000000000000010003C /* Threat.swift in Sources */,
				00000000000000000010003E /* TickEngine.swift in Sources */,
				000000000000000000100040 /* VisitorFactory.swift in Sources */,
				000000000000000000100042 /* Warnings.swift in Sources */,
				000000000000000000100045 /* GameViewModel.swift in Sources */,
				000000000000000000100048 /* DecisionView.swift in Sources */,
				00000000000000000010004A /* HUDView.swift in Sources */,
				00000000000000000010004C /* MallSceneView.swift in Sources */,
				00000000000000000010004E /* MallView.swift in Sources */,
				000000000000000000100050 /* OpsTabsView.swift in Sources */,
			);
			runOnlyForDeploymentPostprocessing = 0;
		};
		00000000000000000010005E /* Sources */ = {
			isa = PBXSourcesBuildPhase;
			buildActionMask = 2147483647;
			files = (
				000000000000000000100054 /* DeadMallTycoonTests.swift in Sources */,
			);
			runOnlyForDeploymentPostprocessing = 0;
		};
/* End PBXSourcesBuildPhase section */

/* Begin PBXTargetDependency section */
		000000000000000000100061 /* PBXTargetDependency */ = {
			isa = PBXTargetDependency;
			target = 000000000000000000100057 /* DeadMallTycoon */;
			targetProxy = 000000000000000000100062 /* PBXContainerItemProxy */;
		};
/* End PBXTargetDependency section */

/* Begin XCBuildConfiguration section */
		000000000000000000100064 /* Debug */ = {
			isa = XCBuildConfiguration;
			buildSettings = {
				ALWAYS_SEARCH_USER_PATHS = NO;
				ASSETCATALOG_COMPILER_GENERATE_SWIFT_ASSET_SYMBOL_EXTENSIONS = YES;
				CLANG_ANALYZER_NONNULL = YES;
				CLANG_ANALYZER_NUMBER_OBJECT_CONVERSION = YES_AGGRESSIVE;
				CLANG_CXX_LANGUAGE_STANDARD = "gnu++20";
				CLANG_ENABLE_MODULES = YES;
				CLANG_ENABLE_OBJC_ARC = YES;
				CLANG_ENABLE_OBJC_WEAK = YES;
				CLANG_WARN_BLOCK_CAPTURE_AUTORELEASING = YES;
				CLANG_WARN_BOOL_CONVERSION = YES;
				CLANG_WARN_COMMA = YES;
				CLANG_WARN_CONSTANT_CONVERSION = YES;
				CLANG_WARN_DEPRECATED_OBJC_IMPLEMENTATIONS = YES;
				CLANG_WARN_DIRECT_OBJC_ISA_USAGE = YES_ERROR;
				CLANG_WARN_DOCUMENTATION_COMMENTS = YES;
				CLANG_WARN_EMPTY_BODY = YES;
				CLANG_WARN_ENUM_CONVERSION = YES;
				CLANG_WARN_INFINITE_RECURSION = YES;
				CLANG_WARN_INT_CONVERSION = YES;
				CLANG_WARN_NON_LITERAL_NULL_CONVERSION = YES;
				CLANG_WARN_OBJC_IMPLICIT_RETAIN_SELF = YES;
				CLANG_WARN_OBJC_LITERAL_CONVERSION = YES;
				CLANG_WARN_OBJC_ROOT_CLASS = YES_ERROR;
				CLANG_WARN_QUOTED_INCLUDE_IN_FRAMEWORK_HEADER = YES;
				CLANG_WARN_RANGE_LOOP_ANALYSIS = YES;
				CLANG_WARN_STRICT_PROTOTYPES = YES;
				CLANG_WARN_SUSPICIOUS_MOVE = YES;
				CLANG_WARN_UNGUARDED_AVAILABILITY = YES_AGGRESSIVE;
				CLANG_WARN_UNREACHABLE_CODE = YES;
				CLANG_WARN__DUPLICATE_METHOD_MATCH = YES;
				COPY_PHASE_STRIP = NO;
				ENABLE_STRICT_OBJC_MSGSEND = YES;
				ENABLE_USER_SCRIPT_SANDBOXING = YES;
				GCC_C_LANGUAGE_STANDARD = gnu17;
				GCC_NO_COMMON_BLOCKS = YES;
				GCC_WARN_64_TO_32_BIT_CONVERSION = YES;
				GCC_WARN_ABOUT_RETURN_TYPE = YES_ERROR;
				GCC_WARN_UNDECLARED_SELECTOR = YES;
				GCC_WARN_UNINITIALIZED_AUTOS = YES_AGGRESSIVE;
				GCC_WARN_UNUSED_FUNCTION = YES;
				GCC_WARN_UNUSED_VARIABLE = YES;
				IPHONEOS_DEPLOYMENT_TARGET = 17.0;
				LOCALIZATION_PREFERS_STRING_CATALOGS = YES;
				MTL_FAST_MATH = YES;
				SDKROOT = iphoneos;
				SWIFT_VERSION = 5.0;
				DEBUG_INFORMATION_FORMAT = dwarf;
				ENABLE_TESTABILITY = YES;
				GCC_DYNAMIC_NO_PIC = NO;
				GCC_OPTIMIZATION_LEVEL = 0;
				GCC_PREPROCESSOR_DEFINITIONS = (
					"DEBUG=1",
					"$(inherited)",
				);
				MTL_ENABLE_DEBUG_INFO = INCLUDE_SOURCE;
				ONLY_ACTIVE_ARCH = YES;
				SWIFT_ACTIVE_COMPILATION_CONDITIONS = "DEBUG $(inherited)";
				SWIFT_OPTIMIZATION_LEVEL = "-Onone";
			};
			name = Debug;
		};
		000000000000000000100065 /* Release */ = {
			isa = XCBuildConfiguration;
			buildSettings = {
				ALWAYS_SEARCH_USER_PATHS = NO;
				ASSETCATALOG_COMPILER_GENERATE_SWIFT_ASSET_SYMBOL_EXTENSIONS = YES;
				CLANG_ANALYZER_NONNULL = YES;
				CLANG_ANALYZER_NUMBER_OBJECT_CONVERSION = YES_AGGRESSIVE;
				CLANG_CXX_LANGUAGE_STANDARD = "gnu++20";
				CLANG_ENABLE_MODULES = YES;
				CLANG_ENABLE_OBJC_ARC = YES;
				CLANG_ENABLE_OBJC_WEAK = YES;
				CLANG_WARN_BLOCK_CAPTURE_AUTORELEASING = YES;
				CLANG_WARN_BOOL_CONVERSION = YES;
				CLANG_WARN_COMMA = YES;
				CLANG_WARN_CONSTANT_CONVERSION = YES;
				CLANG_WARN_DEPRECATED_OBJC_IMPLEMENTATIONS = YES;
				CLANG_WARN_DIRECT_OBJC_ISA_USAGE = YES_ERROR;
				CLANG_WARN_DOCUMENTATION_COMMENTS = YES;
				CLANG_WARN_EMPTY_BODY = YES;
				CLANG_WARN_ENUM_CONVERSION = YES;
				CLANG_WARN_INFINITE_RECURSION = YES;
				CLANG_WARN_INT_CONVERSION = YES;
				CLANG_WARN_NON_LITERAL_NULL_CONVERSION = YES;
				CLANG_WARN_OBJC_IMPLICIT_RETAIN_SELF = YES;
				CLANG_WARN_OBJC_LITERAL_CONVERSION = YES;
				CLANG_WARN_OBJC_ROOT_CLASS = YES_ERROR;
				CLANG_WARN_QUOTED_INCLUDE_IN_FRAMEWORK_HEADER = YES;
				CLANG_WARN_RANGE_LOOP_ANALYSIS = YES;
				CLANG_WARN_STRICT_PROTOTYPES = YES;
				CLANG_WARN_SUSPICIOUS_MOVE = YES;
				CLANG_WARN_UNGUARDED_AVAILABILITY = YES_AGGRESSIVE;
				CLANG_WARN_UNREACHABLE_CODE = YES;
				CLANG_WARN__DUPLICATE_METHOD_MATCH = YES;
				COPY_PHASE_STRIP = NO;
				ENABLE_STRICT_OBJC_MSGSEND = YES;
				ENABLE_USER_SCRIPT_SANDBOXING = YES;
				GCC_C_LANGUAGE_STANDARD = gnu17;
				GCC_NO_COMMON_BLOCKS = YES;
				GCC_WARN_64_TO_32_BIT_CONVERSION = YES;
				GCC_WARN_ABOUT_RETURN_TYPE = YES_ERROR;
				GCC_WARN_UNDECLARED_SELECTOR = YES;
				GCC_WARN_UNINITIALIZED_AUTOS = YES_AGGRESSIVE;
				GCC_WARN_UNUSED_FUNCTION = YES;
				GCC_WARN_UNUSED_VARIABLE = YES;
				IPHONEOS_DEPLOYMENT_TARGET = 17.0;
				LOCALIZATION_PREFERS_STRING_CATALOGS = YES;
				MTL_FAST_MATH = YES;
				SDKROOT = iphoneos;
				SWIFT_VERSION = 5.0;
				DEBUG_INFORMATION_FORMAT = "dwarf-with-dsym";
				ENABLE_NS_ASSERTIONS = NO;
				MTL_ENABLE_DEBUG_INFO = NO;
				SWIFT_COMPILATION_MODE = wholemodule;
				VALIDATE_PRODUCT = YES;
			};
			name = Release;
		};
		000000000000000000100067 /* Debug */ = {
			isa = XCBuildConfiguration;
			buildSettings = {
				ASSETCATALOG_COMPILER_GLOBAL_ACCENT_COLOR_NAME = AccentColor;
				CODE_SIGN_STYLE = Automatic;
				CURRENT_PROJECT_VERSION = 1;
				ENABLE_PREVIEWS = YES;
				GENERATE_INFOPLIST_FILE = YES;
				INFOPLIST_KEY_CFBundleDisplayName = "Dead Mall Tycoon";
				INFOPLIST_KEY_UIApplicationSceneManifest_Generation = YES;
				INFOPLIST_KEY_UIApplicationSupportsIndirectInputEvents = YES;
				INFOPLIST_KEY_UILaunchScreen_Generation = YES;
				INFOPLIST_KEY_UIRequiresFullScreen = YES;
				INFOPLIST_KEY_UISupportedInterfaceOrientations_iPad = "UIInterfaceOrientationLandscapeLeft UIInterfaceOrientationLandscapeRight";
				IPHONEOS_DEPLOYMENT_TARGET = 17.0;
				LD_RUNPATH_SEARCH_PATHS = (
					"$(inherited)",
					"@executable_path/Frameworks",
				);
				MARKETING_VERSION = 1.0;
				PRODUCT_BUNDLE_IDENTIFIER = com.rigtech.deadmalltycoon;
				PRODUCT_NAME = "$(TARGET_NAME)";
				SUPPORTED_PLATFORMS = "iphoneos iphonesimulator";
				SUPPORTS_MACCATALYST = NO;
				SUPPORTS_MAC_DESIGNED_FOR_IPHONE_IPAD = NO;
				SUPPORTS_XR_DESIGNED_FOR_IPHONE_IPAD = NO;
				SWIFT_EMIT_LOC_STRINGS = YES;
				SWIFT_VERSION = 5.0;
				TARGETED_DEVICE_FAMILY = 2;
			};
			name = Debug;
		};
		000000000000000000100068 /* Release */ = {
			isa = XCBuildConfiguration;
			buildSettings = {
				ASSETCATALOG_COMPILER_GLOBAL_ACCENT_COLOR_NAME = AccentColor;
				CODE_SIGN_STYLE = Automatic;
				CURRENT_PROJECT_VERSION = 1;
				ENABLE_PREVIEWS = YES;
				GENERATE_INFOPLIST_FILE = YES;
				INFOPLIST_KEY_CFBundleDisplayName = "Dead Mall Tycoon";
				INFOPLIST_KEY_UIApplicationSceneManifest_Generation = YES;
				INFOPLIST_KEY_UIApplicationSupportsIndirectInputEvents = YES;
				INFOPLIST_KEY_UILaunchScreen_Generation = YES;
				INFOPLIST_KEY_UIRequiresFullScreen = YES;
				INFOPLIST_KEY_UISupportedInterfaceOrientations_iPad = "UIInterfaceOrientationLandscapeLeft UIInterfaceOrientationLandscapeRight";
				IPHONEOS_DEPLOYMENT_TARGET = 17.0;
				LD_RUNPATH_SEARCH_PATHS = (
					"$(inherited)",
					"@executable_path/Frameworks",
				);
				MARKETING_VERSION = 1.0;
				PRODUCT_BUNDLE_IDENTIFIER = com.rigtech.deadmalltycoon;
				PRODUCT_NAME = "$(TARGET_NAME)";
				SUPPORTED_PLATFORMS = "iphoneos iphonesimulator";
				SUPPORTS_MACCATALYST = NO;
				SUPPORTS_MAC_DESIGNED_FOR_IPHONE_IPAD = NO;
				SUPPORTS_XR_DESIGNED_FOR_IPHONE_IPAD = NO;
				SWIFT_EMIT_LOC_STRINGS = YES;
				SWIFT_VERSION = 5.0;
				TARGETED_DEVICE_FAMILY = 2;
			};
			name = Release;
		};
		00000000000000000010006A /* Debug */ = {
			isa = XCBuildConfiguration;
			buildSettings = {
				BUNDLE_LOADER = "$(TEST_HOST)";
				CODE_SIGN_STYLE = Automatic;
				CURRENT_PROJECT_VERSION = 1;
				GENERATE_INFOPLIST_FILE = YES;
				IPHONEOS_DEPLOYMENT_TARGET = 17.0;
				MARKETING_VERSION = 1.0;
				PRODUCT_BUNDLE_IDENTIFIER = com.rigtech.deadmalltycoon.tests;
				PRODUCT_NAME = "$(TARGET_NAME)";
				SWIFT_EMIT_LOC_STRINGS = NO;
				SWIFT_VERSION = 5.0;
				TARGETED_DEVICE_FAMILY = 2;
				TEST_HOST = "$(BUILT_PRODUCTS_DIR)/DeadMallTycoon.app/$(BUNDLE_EXECUTABLE_FOLDER_PATH)/DeadMallTycoon";
			};
			name = Debug;
		};
		00000000000000000010006B /* Release */ = {
			isa = XCBuildConfiguration;
			buildSettings = {
				BUNDLE_LOADER = "$(TEST_HOST)";
				CODE_SIGN_STYLE = Automatic;
				CURRENT_PROJECT_VERSION = 1;
				GENERATE_INFOPLIST_FILE = YES;
				IPHONEOS_DEPLOYMENT_TARGET = 17.0;
				MARKETING_VERSION = 1.0;
				PRODUCT_BUNDLE_IDENTIFIER = com.rigtech.deadmalltycoon.tests;
				PRODUCT_NAME = "$(TARGET_NAME)";
				SWIFT_EMIT_LOC_STRINGS = NO;
				SWIFT_VERSION = 5.0;
				TARGETED_DEVICE_FAMILY = 2;
				TEST_HOST = "$(BUILT_PRODUCTS_DIR)/DeadMallTycoon.app/$(BUNDLE_EXECUTABLE_FOLDER_PATH)/DeadMallTycoon";
			};
			name = Release;
		};
/* End XCBuildConfiguration section */

/* Begin XCConfigurationList section */
		000000000000000000100066 /* Build configuration list for PBXProject "DeadMallTycoon" */ = {
			isa = XCConfigurationList;
			buildConfigurations = (
				000000000000000000100064 /* Debug */,
				000000000000000000100065 /* Release */,
			);
			defaultConfigurationIsVisible = 0;
			defaultConfigurationName = Release;
		};
		000000000000000000100069 /* Build configuration list for PBXNativeTarget "DeadMallTycoon" */ = {
			isa = XCConfigurationList;
			buildConfigurations = (
				000000000000000000100067 /* Debug */,
				000000000000000000100068 /* Release */,
			);
			defaultConfigurationIsVisible = 0;
			defaultConfigurationName = Release;
		};
		00000000000000000010006C /* Build configuration list for PBXNativeTarget "DeadMallTycoonTests" */ = {
			isa = XCConfigurationList;
			buildConfigurations = (
				00000000000000000010006A /* Debug */,
				00000000000000000010006B /* Release */,
			);
			defaultConfigurationIsVisible = 0;
			defaultConfigurationName = Release;
		};
/* End XCConfigurationList section */
	};
	rootObject = 000000000000000000100063 /* Project object */;
}
